// !$*UTF8*$!
{
	archiveVersion = 1;
	classes = {
	};
	objectVersion = 50;
	objects = {

/* Begin PBXBuildFile section */
		C40D360422EEDC3800455CCA /* SearchString.swift in Sources */ = {isa = PBXBuildFile; fileRef = C40D360322EEDC3800455CCA /* SearchString.swift */; };
		C40D360622EF43D100455CCA /* ColourEditor.swift in Sources */ = {isa = PBXBuildFile; fileRef = C40D360522EF43D100455CCA /* ColourEditor.swift */; };
		C42DE11D22F0CC9200895FC2 /* Observable.swift in Sources */ = {isa = PBXBuildFile; fileRef = C42DE11B22F0CC7B00895FC2 /* Observable.swift */; };
		C42DE12322F1718700895FC2 /* Modifiers.swift in Sources */ = {isa = PBXBuildFile; fileRef = C42DE12222F1718700895FC2 /* Modifiers.swift */; };
		C43A888322F41321003E9D64 /* SearchString.swift in Sources */ = {isa = PBXBuildFile; fileRef = C4C6F06E22F3FFAF00D3D543 /* SearchString.swift */; };
		C43A888422F41326003E9D64 /* Shapes.swift in Sources */ = {isa = PBXBuildFile; fileRef = C42DE12022F1711D00895FC2 /* Shapes.swift */; };
		C43A888622F41438003E9D64 /* Geometry.swift in Sources */ = {isa = PBXBuildFile; fileRef = C43A888522F41438003E9D64 /* Geometry.swift */; };
		C45C7BE022D4BAED008D119D /* AppDelegate.swift in Sources */ = {isa = PBXBuildFile; fileRef = C45C7BDF22D4BAED008D119D /* AppDelegate.swift */; };
		C45C7BE222D4BAED008D119D /* SceneDelegate.swift in Sources */ = {isa = PBXBuildFile; fileRef = C45C7BE122D4BAED008D119D /* SceneDelegate.swift */; };
		C45C7BE422D4BAED008D119D /* ContentView.swift in Sources */ = {isa = PBXBuildFile; fileRef = C45C7BE322D4BAED008D119D /* ContentView.swift */; };
		C45C7BE622D4BAF1008D119D /* Assets.xcassets in Resources */ = {isa = PBXBuildFile; fileRef = C45C7BE522D4BAF1008D119D /* Assets.xcassets */; };
		C45C7BE922D4BAF1008D119D /* Preview Assets.xcassets in Resources */ = {isa = PBXBuildFile; fileRef = C45C7BE822D4BAF1008D119D /* Preview Assets.xcassets */; };
		C45C7BEC22D4BAF1008D119D /* LaunchScreen.storyboard in Resources */ = {isa = PBXBuildFile; fileRef = C45C7BEA22D4BAF1008D119D /* LaunchScreen.storyboard */; };
		C45C7C0A22D4C010008D119D /* ColourItem.swift in Sources */ = {isa = PBXBuildFile; fileRef = C45C7C0922D4C010008D119D /* ColourItem.swift */; };
		C45C7C1222D517F1008D119D /* ColourHistory.swift in Sources */ = {isa = PBXBuildFile; fileRef = C45C7C1122D517F0008D119D /* ColourHistory.swift */; };
		C45E4E5322F32DEE0082D345 /* ColourViewer-256.png in Resources */ = {isa = PBXBuildFile; fileRef = C45E4E5122F32DEE0082D345 /* ColourViewer-256.png */; };
		C45E4E5422F32DEE0082D345 /* ColourViewer.svg in Resources */ = {isa = PBXBuildFile; fileRef = C45E4E5222F32DEE0082D345 /* ColourViewer.svg */; };
		C490553722EAC43500C86E46 /* NumberAndString.swift in Sources */ = {isa = PBXBuildFile; fileRef = C490553622EAC43500C86E46 /* NumberAndString.swift */; };
		C490553922EACC8100C86E46 /* NumberAndString.swift in Sources */ = {isa = PBXBuildFile; fileRef = C490553822EACC8100C86E46 /* NumberAndString.swift */; };
		C490553B22EB08CF00C86E46 /* RGBandHSB.swift in Sources */ = {isa = PBXBuildFile; fileRef = C490553A22EB08CF00C86E46 /* RGBandHSB.swift */; };
		C490553D22EB4E0300C86E46 /* RGBandHSBtest.swift in Sources */ = {isa = PBXBuildFile; fileRef = C490553C22EB4E0300C86E46 /* RGBandHSBtest.swift */; };
		C4A0646122F48578009B76EE /* FontSize.swift in Sources */ = {isa = PBXBuildFile; fileRef = C4A0646022F48578009B76EE /* FontSize.swift */; };
		C4A0646322F48A0A009B76EE /* FontSize.swift in Sources */ = {isa = PBXBuildFile; fileRef = C4A0646222F48A0A009B76EE /* FontSize.swift */; };
		C4A0646522F49725009B76EE /* RGBelements.swift in Sources */ = {isa = PBXBuildFile; fileRef = C4A0646422F49724009B76EE /* RGBelements.swift */; };
		C4A064A722F6D109009B76EE /* LoadAndSave.swift in Sources */ = {isa = PBXBuildFile; fileRef = C4A064A622F6D109009B76EE /* LoadAndSave.swift */; };
		C4A064A922F7010D009B76EE /* FilePath.swift in Sources */ = {isa = PBXBuildFile; fileRef = C4A064A822F7010C009B76EE /* FilePath.swift */; };
		C4A064AB22F72503009B76EE /* ColourItemList.swift in Sources */ = {isa = PBXBuildFile; fileRef = C4A064AA22F72503009B76EE /* ColourItemList.swift */; };
		C4D5532F22F1CAC5002F6F5F /* Radix.swift in Sources */ = {isa = PBXBuildFile; fileRef = C4D5532E22F1CAC5002F6F5F /* Radix.swift */; };
		C4E50BDE22E4A6A0003E3565 /* ColoursMatching.swift in Sources */ = {isa = PBXBuildFile; fileRef = C4E50BDD22E4A6A0003E3565 /* ColoursMatching.swift */; };
		C4E50BE022E5BE75003E3565 /* ColourItem.swift in Sources */ = {isa = PBXBuildFile; fileRef = C4E50BDF22E5BE74003E3565 /* ColourItem.swift */; };
		C4EAD06E22DE01F100912FB8 /* ColourConvert.swift in Sources */ = {isa = PBXBuildFile; fileRef = C4EAD06D22DE01F000912FB8 /* ColourConvert.swift */; };
		C4EB230C22EDB8930071099F /* IntElement.swift in Sources */ = {isa = PBXBuildFile; fileRef = C4EB230B22EDB8930071099F /* IntElement.swift */; };
		C4EB231022EDDAB00071099F /* DoubleElement.swift in Sources */ = {isa = PBXBuildFile; fileRef = C4EB230F22EDDAB00071099F /* DoubleElement.swift */; };
		C4EB231222EDDB830071099F /* HSBelements.swift in Sources */ = {isa = PBXBuildFile; fileRef = C4EB231122EDDB830071099F /* HSBelements.swift */; };
		C4EB231422EE0B660071099F /* ColourElements.swift in Sources */ = {isa = PBXBuildFile; fileRef = C4EB231322EE0B650071099F /* ColourElements.swift */; };
		C4EB231622EE0CCE0071099F /* ColourSearch.swift in Sources */ = {isa = PBXBuildFile; fileRef = C4EB231522EE0CCE0071099F /* ColourSearch.swift */; };
		C4EB231922EE15190071099F /* CopyToClipboard.swift in Sources */ = {isa = PBXBuildFile; fileRef = C4EB231822EE14800071099F /* CopyToClipboard.swift */; };
		C4EB231A22EE195F0071099F /* ColourList.swift in Sources */ = {isa = PBXBuildFile; fileRef = C4EAD06F22DEF81900912FB8 /* ColourList.swift */; };
/* End PBXBuildFile section */

/* Begin PBXContainerItemProxy section */
		C45C7BF322D4BAF1008D119D /* PBXContainerItemProxy */ = {
			isa = PBXContainerItemProxy;
			containerPortal = C45C7BD422D4BAED008D119D /* Project object */;
			proxyType = 1;
			remoteGlobalIDString = C45C7BDB22D4BAED008D119D;
			remoteInfo = ColourViewer;
		};
/* End PBXContainerItemProxy section */

/* Begin PBXFileReference section */
		C40D360322EEDC3800455CCA /* SearchString.swift */ = {isa = PBXFileReference; lastKnownFileType = sourcecode.swift; name = SearchString.swift; path = ../../../../../System/Volumes/Data/Users/mesa/xcode/ColourViewer/ColourViewerTests/SearchString.swift; sourceTree = "<group>"; };
		C40D360522EF43D100455CCA /* ColourEditor.swift */ = {isa = PBXFileReference; lastKnownFileType = sourcecode.swift; path = ColourEditor.swift; sourceTree = "<group>"; };
		C42DE11822F098B200895FC2 /* en */ = {isa = PBXFileReference; lastKnownFileType = text.plist.strings; name = en; path = en.lproj/LaunchScreen.strings; sourceTree = "<group>"; };
		C42DE11B22F0CC7B00895FC2 /* Observable.swift */ = {isa = PBXFileReference; lastKnownFileType = sourcecode.swift; path = Observable.swift; sourceTree = "<group>"; };
		C42DE12022F1711D00895FC2 /* Shapes.swift */ = {isa = PBXFileReference; lastKnownFileType = sourcecode.swift; path = Shapes.swift; sourceTree = "<group>"; };
		C42DE12222F1718700895FC2 /* Modifiers.swift */ = {isa = PBXFileReference; lastKnownFileType = sourcecode.swift; path = Modifiers.swift; sourceTree = "<group>"; };
		C43A888522F41438003E9D64 /* Geometry.swift */ = {isa = PBXFileReference; lastKnownFileType = sourcecode.swift; path = Geometry.swift; sourceTree = "<group>"; };
		C45C7BDC22D4BAED008D119D /* ColourViewer.app */ = {isa = PBXFileReference; explicitFileType = wrapper.application; includeInIndex = 0; path = ColourViewer.app; sourceTree = BUILT_PRODUCTS_DIR; };
		C45C7BDF22D4BAED008D119D /* AppDelegate.swift */ = {isa = PBXFileReference; lastKnownFileType = sourcecode.swift; path = AppDelegate.swift; sourceTree = "<group>"; };
		C45C7BE122D4BAED008D119D /* SceneDelegate.swift */ = {isa = PBXFileReference; lastKnownFileType = sourcecode.swift; path = SceneDelegate.swift; sourceTree = "<group>"; };
		C45C7BE322D4BAED008D119D /* ContentView.swift */ = {isa = PBXFileReference; lastKnownFileType = sourcecode.swift; path = ContentView.swift; sourceTree = "<group>"; };
		C45C7BE522D4BAF1008D119D /* Assets.xcassets */ = {isa = PBXFileReference; lastKnownFileType = folder.assetcatalog; path = Assets.xcassets; sourceTree = "<group>"; };
		C45C7BE822D4BAF1008D119D /* Preview Assets.xcassets */ = {isa = PBXFileReference; lastKnownFileType = folder.assetcatalog; path = "Preview Assets.xcassets"; sourceTree = "<group>"; };
		C45C7BEB22D4BAF1008D119D /* Base */ = {isa = PBXFileReference; lastKnownFileType = file.storyboard; name = Base; path = Base.lproj/LaunchScreen.storyboard; sourceTree = "<group>"; };
		C45C7BED22D4BAF1008D119D /* Info.plist */ = {isa = PBXFileReference; lastKnownFileType = text.plist.xml; path = Info.plist; sourceTree = "<group>"; };
		C45C7BF222D4BAF1008D119D /* ColourViewerTests.xctest */ = {isa = PBXFileReference; explicitFileType = wrapper.cfbundle; includeInIndex = 0; path = ColourViewerTests.xctest; sourceTree = BUILT_PRODUCTS_DIR; };
		C45C7BF822D4BAF1008D119D /* Info.plist */ = {isa = PBXFileReference; lastKnownFileType = text.plist.xml; path = Info.plist; sourceTree = "<group>"; };
		C45C7C0922D4C010008D119D /* ColourItem.swift */ = {isa = PBXFileReference; lastKnownFileType = sourcecode.swift; path = ColourItem.swift; sourceTree = "<group>"; };
		C45C7C1122D517F0008D119D /* ColourHistory.swift */ = {isa = PBXFileReference; lastKnownFileType = sourcecode.swift; path = ColourHistory.swift; sourceTree = "<group>"; };
		C45E4E5122F32DEE0082D345 /* ColourViewer-256.png */ = {isa = PBXFileReference; lastKnownFileType = image.png; name = "ColourViewer-256.png"; path = "../../../../../../System/Volumes/Data/Users/mesa/xcode/ColourViewer/ColourViewer/Resources/ColourViewer-256.png"; sourceTree = "<group>"; };
		C45E4E5222F32DEE0082D345 /* ColourViewer.svg */ = {isa = PBXFileReference; fileEncoding = 4; lastKnownFileType = text.xml; name = ColourViewer.svg; path = ../../../../../../System/Volumes/Data/Users/mesa/xcode/ColourViewer/ColourViewer/Resources/ColourViewer.svg; sourceTree = "<group>"; };
		C490553622EAC43500C86E46 /* NumberAndString.swift */ = {isa = PBXFileReference; lastKnownFileType = sourcecode.swift; name = NumberAndString.swift; path = ../../../../../../System/Volumes/Data/Users/mesa/xcode/ColourViewer/ColourViewer/Models/NumberAndString.swift; sourceTree = "<group>"; };
		C490553822EACC8100C86E46 /* NumberAndString.swift */ = {isa = PBXFileReference; lastKnownFileType = sourcecode.swift; name = NumberAndString.swift; path = ../../../../../System/Volumes/Data/Users/mesa/xcode/ColourViewer/ColourViewerTests/NumberAndString.swift; sourceTree = "<group>"; };
		C490553A22EB08CF00C86E46 /* RGBandHSB.swift */ = {isa = PBXFileReference; lastKnownFileType = sourcecode.swift; name = RGBandHSB.swift; path = ../../../../../../System/Volumes/Data/Users/mesa/xcode/ColourViewer/ColourViewer/Models/RGBandHSB.swift; sourceTree = "<group>"; };
		C490553C22EB4E0300C86E46 /* RGBandHSBtest.swift */ = {isa = PBXFileReference; lastKnownFileType = sourcecode.swift; name = RGBandHSBtest.swift; path = ../../../../../System/Volumes/Data/Users/mesa/xcode/ColourViewer/ColourViewerTests/RGBandHSBtest.swift; sourceTree = "<group>"; };
		C4A0646022F48578009B76EE /* FontSize.swift */ = {isa = PBXFileReference; lastKnownFileType = sourcecode.swift; path = FontSize.swift; sourceTree = "<group>"; };
		C4A0646222F48A0A009B76EE /* FontSize.swift */ = {isa = PBXFileReference; lastKnownFileType = sourcecode.swift; path = FontSize.swift; sourceTree = "<group>"; };
		C4A0646422F49724009B76EE /* RGBelements.swift */ = {isa = PBXFileReference; fileEncoding = 4; lastKnownFileType = sourcecode.swift; path = RGBelements.swift; sourceTree = "<group>"; };
		C4A064A622F6D109009B76EE /* LoadAndSave.swift */ = {isa = PBXFileReference; lastKnownFileType = sourcecode.swift; path = LoadAndSave.swift; sourceTree = "<group>"; };
		C4A064A822F7010C009B76EE /* FilePath.swift */ = {isa = PBXFileReference; lastKnownFileType = sourcecode.swift; path = FilePath.swift; sourceTree = "<group>"; };
		C4A064AA22F72503009B76EE /* ColourItemList.swift */ = {isa = PBXFileReference; lastKnownFileType = sourcecode.swift; path = ColourItemList.swift; sourceTree = "<group>"; };
		C4C6F06E22F3FFAF00D3D543 /* SearchString.swift */ = {isa = PBXFileReference; lastKnownFileType = sourcecode.swift; path = SearchString.swift; sourceTree = "<group>"; };
		C4D5532E22F1CAC5002F6F5F /* Radix.swift */ = {isa = PBXFileReference; fileEncoding = 4; lastKnownFileType = sourcecode.swift; name = Radix.swift; path = ../../../../../../System/Volumes/Data/Users/mesa/xcode/ColourViewer/ColourViewer/Models/Radix.swift; sourceTree = "<group>"; };
		C4E50BDD22E4A6A0003E3565 /* ColoursMatching.swift */ = {isa = PBXFileReference; lastKnownFileType = sourcecode.swift; name = ColoursMatching.swift; path = /Users/mesa/xcode/ColourViewer/../../../../System/Volumes/Data/Users/mesa/xcode/ColourViewer/ColourViewerTests/ColoursMatching.swift; sourceTree = "<absolute>"; };
		C4E50BDF22E5BE74003E3565 /* ColourItem.swift */ = {isa = PBXFileReference; lastKnownFileType = sourcecode.swift; name = ColourItem.swift; path = ../../../../../System/Volumes/Data/Users/mesa/xcode/ColourViewer/ColourViewerTests/ColourItem.swift; sourceTree = "<group>"; };
		C4EAD06D22DE01F000912FB8 /* ColourConvert.swift */ = {isa = PBXFileReference; lastKnownFileType = sourcecode.swift; path = ColourConvert.swift; sourceTree = "<group>"; };
		C4EAD06F22DEF81900912FB8 /* ColourList.swift */ = {isa = PBXFileReference; lastKnownFileType = sourcecode.swift; path = ColourList.swift; sourceTree = "<group>"; };
		C4EB230B22EDB8930071099F /* IntElement.swift */ = {isa = PBXFileReference; fileEncoding = 4; lastKnownFileType = sourcecode.swift; name = IntElement.swift; path = ../../../../../../System/Volumes/Data/Users/mesa/xcode/ColourViewer/ColourViewer/Views/IntElement.swift; sourceTree = "<group>"; };
		C4EB230F22EDDAB00071099F /* DoubleElement.swift */ = {isa = PBXFileReference; lastKnownFileType = sourcecode.swift; name = DoubleElement.swift; path = ../../../../../../System/Volumes/Data/Users/mesa/xcode/ColourViewer/ColourViewer/Views/DoubleElement.swift; sourceTree = "<group>"; };
		C4EB231122EDDB830071099F /* HSBelements.swift */ = {isa = PBXFileReference; lastKnownFileType = sourcecode.swift; name = HSBelements.swift; path = ../../../../../../System/Volumes/Data/Users/mesa/xcode/ColourViewer/ColourViewer/Views/HSBelements.swift; sourceTree = "<group>"; };
		C4EB231322EE0B650071099F /* ColourElements.swift */ = {isa = PBXFileReference; lastKnownFileType = sourcecode.swift; name = ColourElements.swift; path = ../../../../../../System/Volumes/Data/Users/mesa/xcode/ColourViewer/ColourViewer/Views/ColourElements.swift; sourceTree = "<group>"; };
		C4EB231522EE0CCE0071099F /* ColourSearch.swift */ = {isa = PBXFileReference; lastKnownFileType = sourcecode.swift; path = ColourSearch.swift; sourceTree = "<group>"; };
		C4EB231822EE14800071099F /* CopyToClipboard.swift */ = {isa = PBXFileReference; lastKnownFileType = sourcecode.swift; path = CopyToClipboard.swift; sourceTree = "<group>"; };
/* End PBXFileReference section */

/* Begin PBXFrameworksBuildPhase section */
		C45C7BD922D4BAED008D119D /* Frameworks */ = {
			isa = PBXFrameworksBuildPhase;
			buildActionMask = 2147483647;
			files = (
			);
			runOnlyForDeploymentPostprocessing = 0;
		};
		C45C7BEF22D4BAF1008D119D /* Frameworks */ = {
			isa = PBXFrameworksBuildPhase;
			buildActionMask = 2147483647;
			files = (
			);
			runOnlyForDeploymentPostprocessing = 0;
		};
/* End PBXFrameworksBuildPhase section */

/* Begin PBXGroup section */
		C45C7BD322D4BAED008D119D = {
			isa = PBXGroup;
			children = (
				C45C7BDE22D4BAED008D119D /* ColourViewer */,
				C45C7BF522D4BAF1008D119D /* ColourViewerTests */,
				C45C7BDD22D4BAED008D119D /* Products */,
			);
			sourceTree = "<group>";
		};
		C45C7BDD22D4BAED008D119D /* Products */ = {
			isa = PBXGroup;
			children = (
				C45C7BDC22D4BAED008D119D /* ColourViewer.app */,
				C45C7BF222D4BAF1008D119D /* ColourViewerTests.xctest */,
			);
			name = Products;
			sourceTree = "<group>";
		};
		C45C7BDE22D4BAED008D119D /* ColourViewer */ = {
			isa = PBXGroup;
			children = (
				C45C7BDF22D4BAED008D119D /* AppDelegate.swift */,
				C45C7BE522D4BAF1008D119D /* Assets.xcassets */,
				C45C7BE322D4BAED008D119D /* ContentView.swift */,
				C45C7BED22D4BAF1008D119D /* Info.plist */,
				C45C7BEA22D4BAF1008D119D /* LaunchScreen.storyboard */,
				C45C7BE122D4BAED008D119D /* SceneDelegate.swift */,
				C490553222E9FF4000C86E46 /* Models */,
				C45C7BE722D4BAF1008D119D /* Preview Content */,
				C4FECC2B22F017EC00C58631 /* Resources */,
				C4EB231722EE144C0071099F /* Utils */,
				C4EB230722EDB21B0071099F /* Views */,
			);
			path = ColourViewer;
			sourceTree = "<group>";
		};
		C45C7BE722D4BAF1008D119D /* Preview Content */ = {
			isa = PBXGroup;
			children = (
				C45C7BE822D4BAF1008D119D /* Preview Assets.xcassets */,
			);
			path = "Preview Content";
			sourceTree = "<group>";
		};
		C45C7BF522D4BAF1008D119D /* ColourViewerTests */ = {
			isa = PBXGroup;
			children = (
				C4E50BDF22E5BE74003E3565 /* ColourItem.swift */,
				C4E50BDD22E4A6A0003E3565 /* ColoursMatching.swift */,
				C4A0646222F48A0A009B76EE /* FontSize.swift */,
				C45C7BF822D4BAF1008D119D /* Info.plist */,
				C490553822EACC8100C86E46 /* NumberAndString.swift */,
				C490553C22EB4E0300C86E46 /* RGBandHSBtest.swift */,
				C40D360322EEDC3800455CCA /* SearchString.swift */,
			);
			path = ColourViewerTests;
			sourceTree = "<group>";
		};
		C490553222E9FF4000C86E46 /* Models */ = {
			isa = PBXGroup;
			children = (
				C4D5532E22F1CAC5002F6F5F /* Radix.swift */,
				C45C7C0922D4C010008D119D /* ColourItem.swift */,
				C490553622EAC43500C86E46 /* NumberAndString.swift */,
				C42DE11B22F0CC7B00895FC2 /* Observable.swift */,
				C490553A22EB08CF00C86E46 /* RGBandHSB.swift */,
				C4C6F06E22F3FFAF00D3D543 /* SearchString.swift */,
				C42DE12022F1711D00895FC2 /* Shapes.swift */,
				C4A064AA22F72503009B76EE /* ColourItemList.swift */,
			);
			path = Models;
			sourceTree = "<group>";
		};
		C4EB230722EDB21B0071099F /* Views */ = {
			isa = PBXGroup;
			children = (
				C40D360522EF43D100455CCA /* ColourEditor.swift */,
				C4EB231322EE0B650071099F /* ColourElements.swift */,
				C45C7C1122D517F0008D119D /* ColourHistory.swift */,
				C4EB231522EE0CCE0071099F /* ColourSearch.swift */,
				C4EB230F22EDDAB00071099F /* DoubleElement.swift */,
				C4EB231122EDDB830071099F /* HSBelements.swift */,
				C4EB230B22EDB8930071099F /* IntElement.swift */,
				C4A0646422F49724009B76EE /* RGBelements.swift */,
			);
			path = Views;
			sourceTree = "<group>";
		};
		C4EB231722EE144C0071099F /* Utils */ = {
			isa = PBXGroup;
			children = (
				C4EAD06D22DE01F000912FB8 /* ColourConvert.swift */,
				C4EAD06F22DEF81900912FB8 /* ColourList.swift */,
				C4EB231822EE14800071099F /* CopyToClipboard.swift */,
				C4A0646022F48578009B76EE /* FontSize.swift */,
				C43A888522F41438003E9D64 /* Geometry.swift */,
				C42DE12222F1718700895FC2 /* Modifiers.swift */,
				C4A064A622F6D109009B76EE /* LoadAndSave.swift */,
				C4A064A822F7010C009B76EE /* FilePath.swift */,
			);
			path = Utils;
			sourceTree = "<group>";
		};
		C4FECC2B22F017EC00C58631 /* Resources */ = {
			isa = PBXGroup;
			children = (
				C45E4E5122F32DEE0082D345 /* ColourViewer-256.png */,
				C45E4E5222F32DEE0082D345 /* ColourViewer.svg */,
			);
			path = Resources;
			sourceTree = "<group>";
		};
/* End PBXGroup section */

/* Begin PBXNativeTarget section */
		C45C7BDB22D4BAED008D119D /* ColourViewer */ = {
			isa = PBXNativeTarget;
			buildConfigurationList = C45C7BFB22D4BAF1008D119D /* Build configuration list for PBXNativeTarget "ColourViewer" */;
			buildPhases = (
				C45C7BD822D4BAED008D119D /* Sources */,
				C45C7BD922D4BAED008D119D /* Frameworks */,
				C45C7BDA22D4BAED008D119D /* Resources */,
			);
			buildRules = (
			);
			dependencies = (
			);
			name = ColourViewer;
			productName = ColourViewer;
			productReference = C45C7BDC22D4BAED008D119D /* ColourViewer.app */;
			productType = "com.apple.product-type.application";
		};
		C45C7BF122D4BAF1008D119D /* ColourViewerTests */ = {
			isa = PBXNativeTarget;
			buildConfigurationList = C45C7BFE22D4BAF1008D119D /* Build configuration list for PBXNativeTarget "ColourViewerTests" */;
			buildPhases = (
				C45C7BEE22D4BAF1008D119D /* Sources */,
				C45C7BEF22D4BAF1008D119D /* Frameworks */,
				C45C7BF022D4BAF1008D119D /* Resources */,
			);
			buildRules = (
			);
			dependencies = (
				C45C7BF422D4BAF1008D119D /* PBXTargetDependency */,
			);
			name = ColourViewerTests;
			productName = ColourViewerTests;
			productReference = C45C7BF222D4BAF1008D119D /* ColourViewerTests.xctest */;
			productType = "com.apple.product-type.bundle.unit-test";
		};
/* End PBXNativeTarget section */

/* Begin PBXProject section */
		C45C7BD422D4BAED008D119D /* Project object */ = {
			isa = PBXProject;
			attributes = {
				LastSwiftUpdateCheck = 1100;
				LastUpgradeCheck = 1100;
				ORGANIZATIONNAME = mesme;
				TargetAttributes = {
					C45C7BDB22D4BAED008D119D = {
						CreatedOnToolsVersion = 11.0;
					};
					C45C7BF122D4BAF1008D119D = {
						CreatedOnToolsVersion = 11.0;
						LastSwiftMigration = 1100;
						TestTargetID = C45C7BDB22D4BAED008D119D;
					};
				};
			};
			buildConfigurationList = C45C7BD722D4BAED008D119D /* Build configuration list for PBXProject "ColourViewer" */;
			compatibilityVersion = "Xcode 9.3";
			developmentRegion = en;
			hasScannedForEncodings = 0;
			knownRegions = (
				en,
				Base,
			);
			mainGroup = C45C7BD322D4BAED008D119D;
			productRefGroup = C45C7BDD22D4BAED008D119D /* Products */;
			projectDirPath = "";
			projectRoot = "";
			targets = (
				C45C7BDB22D4BAED008D119D /* ColourViewer */,
				C45C7BF122D4BAF1008D119D /* ColourViewerTests */,
			);
		};
/* End PBXProject section */

/* Begin PBXResourcesBuildPhase section */
		C45C7BDA22D4BAED008D119D /* Resources */ = {
			isa = PBXResourcesBuildPhase;
			buildActionMask = 2147483647;
			files = (
				C45E4E5422F32DEE0082D345 /* ColourViewer.svg in Resources */,
				C45C7BEC22D4BAF1008D119D /* LaunchScreen.storyboard in Resources */,
				C45C7BE922D4BAF1008D119D /* Preview Assets.xcassets in Resources */,
				C45C7BE622D4BAF1008D119D /* Assets.xcassets in Resources */,
				C45E4E5322F32DEE0082D345 /* ColourViewer-256.png in Resources */,
			);
			runOnlyForDeploymentPostprocessing = 0;
		};
		C45C7BF022D4BAF1008D119D /* Resources */ = {
			isa = PBXResourcesBuildPhase;
			buildActionMask = 2147483647;
			files = (
			);
			runOnlyForDeploymentPostprocessing = 0;
		};
/* End PBXResourcesBuildPhase section */

/* Begin PBXSourcesBuildPhase section */
		C45C7BD822D4BAED008D119D /* Sources */ = {
			isa = PBXSourcesBuildPhase;
			buildActionMask = 2147483647;
			files = (
				C42DE11D22F0CC9200895FC2 /* Observable.swift in Sources */,
				C4A064AB22F72503009B76EE /* ColourItemList.swift in Sources */,
				C490553722EAC43500C86E46 /* NumberAndString.swift in Sources */,
				C43A888622F41438003E9D64 /* Geometry.swift in Sources */,
				C4EB231422EE0B660071099F /* ColourElements.swift in Sources */,
				C42DE12322F1718700895FC2 /* Modifiers.swift in Sources */,
				C45C7C1222D517F1008D119D /* ColourHistory.swift in Sources */,
				C4EB231922EE15190071099F /* CopyToClipboard.swift in Sources */,
				C45C7BE022D4BAED008D119D /* AppDelegate.swift in Sources */,
				C45C7BE222D4BAED008D119D /* SceneDelegate.swift in Sources */,
				C40D360622EF43D100455CCA /* ColourEditor.swift in Sources */,
				C4EB230C22EDB8930071099F /* IntElement.swift in Sources */,
				C490553B22EB08CF00C86E46 /* RGBandHSB.swift in Sources */,
				C4D5532F22F1CAC5002F6F5F /* Radix.swift in Sources */,
				C4A064A722F6D109009B76EE /* LoadAndSave.swift in Sources */,
				C43A888422F41326003E9D64 /* Shapes.swift in Sources */,
				C45C7C0A22D4C010008D119D /* ColourItem.swift in Sources */,
				C4EB231A22EE195F0071099F /* ColourList.swift in Sources */,
				C4EB231022EDDAB00071099F /* DoubleElement.swift in Sources */,
				C4EB231222EDDB830071099F /* HSBelements.swift in Sources */,
				C4A0646122F48578009B76EE /* FontSize.swift in Sources */,
				C4EB231622EE0CCE0071099F /* ColourSearch.swift in Sources */,
				C4A0646522F49725009B76EE /* RGBelements.swift in Sources */,
				C45C7BE422D4BAED008D119D /* ContentView.swift in Sources */,
				C4EAD06E22DE01F100912FB8 /* ColourConvert.swift in Sources */,
				C4A064A922F7010D009B76EE /* FilePath.swift in Sources */,
				C43A888322F41321003E9D64 /* SearchString.swift in Sources */,
			);
			runOnlyForDeploymentPostprocessing = 0;
		};
		C45C7BEE22D4BAF1008D119D /* Sources */ = {
			isa = PBXSourcesBuildPhase;
			buildActionMask = 2147483647;
			files = (
				C4E50BE022E5BE75003E3565 /* ColourItem.swift in Sources */,
				C4A0646322F48A0A009B76EE /* FontSize.swift in Sources */,
				C40D360422EEDC3800455CCA /* SearchString.swift in Sources */,
				C490553D22EB4E0300C86E46 /* RGBandHSBtest.swift in Sources */,
				C490553922EACC8100C86E46 /* NumberAndString.swift in Sources */,
				C4E50BDE22E4A6A0003E3565 /* ColoursMatching.swift in Sources */,
			);
			runOnlyForDeploymentPostprocessing = 0;
		};
/* End PBXSourcesBuildPhase section */

/* Begin PBXTargetDependency section */
		C45C7BF422D4BAF1008D119D /* PBXTargetDependency */ = {
			isa = PBXTargetDependency;
			target = C45C7BDB22D4BAED008D119D /* ColourViewer */;
			targetProxy = C45C7BF322D4BAF1008D119D /* PBXContainerItemProxy */;
		};
/* End PBXTargetDependency section */

/* Begin PBXVariantGroup section */
		C45C7BEA22D4BAF1008D119D /* LaunchScreen.storyboard */ = {
			isa = PBXVariantGroup;
			children = (
				C45C7BEB22D4BAF1008D119D /* Base */,
				C42DE11822F098B200895FC2 /* en */,
			);
			name = LaunchScreen.storyboard;
			sourceTree = "<group>";
		};
/* End PBXVariantGroup section */

/* Begin XCBuildConfiguration section */
		C45C7BF922D4BAF1008D119D /* Debug */ = {
			isa = XCBuildConfiguration;
			buildSettings = {
				ALWAYS_SEARCH_USER_PATHS = NO;
				CLANG_ANALYZER_NONNULL = YES;
				CLANG_ANALYZER_NUMBER_OBJECT_CONVERSION = YES_AGGRESSIVE;
				CLANG_CXX_LANGUAGE_STANDARD = "gnu++14";
				CLANG_CXX_LIBRARY = "libc++";
				CLANG_ENABLE_MODULES = YES;
				CLANG_ENABLE_OBJC_ARC = YES;
				CLANG_ENABLE_OBJC_WEAK = YES;
				CLANG_WARN_BLOCK_CAPTURE_AUTORELEASING = YES;
				CLANG_WARN_BOOL_CONVERSION = YES;
				CLANG_WARN_COMMA = YES;
				CLANG_WARN_CONSTANT_CONVERSION = YES;
				CLANG_WARN_DEPRECATED_OBJC_IMPLEMENTATIONS = YES;
				CLANG_WARN_DIRECT_OBJC_ISA_USAGE = YES_ERROR;
				CLANG_WARN_DOCUMENTATION_COMMENTS = YES;
				CLANG_WARN_EMPTY_BODY = YES;
				CLANG_WARN_ENUM_CONVERSION = YES;
				CLANG_WARN_INFINITE_RECURSION = YES;
				CLANG_WARN_INT_CONVERSION = YES;
				CLANG_WARN_NON_LITERAL_NULL_CONVERSION = YES;
				CLANG_WARN_OBJC_IMPLICIT_RETAIN_SELF = YES;
				CLANG_WARN_OBJC_LITERAL_CONVERSION = YES;
				CLANG_WARN_OBJC_ROOT_CLASS = YES_ERROR;
				CLANG_WARN_RANGE_LOOP_ANALYSIS = YES;
				CLANG_WARN_STRICT_PROTOTYPES = YES;
				CLANG_WARN_SUSPICIOUS_MOVE = YES;
				CLANG_WARN_UNGUARDED_AVAILABILITY = YES_AGGRESSIVE;
				CLANG_WARN_UNREACHABLE_CODE = YES;
				CLANG_WARN__DUPLICATE_METHOD_MATCH = YES;
				COPY_PHASE_STRIP = NO;
				DEBUG_INFORMATION_FORMAT = dwarf;
				ENABLE_STRICT_OBJC_MSGSEND = YES;
				ENABLE_TESTABILITY = YES;
				GCC_C_LANGUAGE_STANDARD = gnu11;
				GCC_DYNAMIC_NO_PIC = NO;
				GCC_NO_COMMON_BLOCKS = YES;
				GCC_OPTIMIZATION_LEVEL = 0;
				GCC_PREPROCESSOR_DEFINITIONS = (
					"DEBUG=1",
					"$(inherited)",
				);
				GCC_WARN_64_TO_32_BIT_CONVERSION = YES;
				GCC_WARN_ABOUT_RETURN_TYPE = YES_ERROR;
				GCC_WARN_UNDECLARED_SELECTOR = YES;
				GCC_WARN_UNINITIALIZED_AUTOS = YES_AGGRESSIVE;
				GCC_WARN_UNUSED_FUNCTION = YES;
				GCC_WARN_UNUSED_VARIABLE = YES;
				IPHONEOS_DEPLOYMENT_TARGET = 13.0;
				MTL_ENABLE_DEBUG_INFO = INCLUDE_SOURCE;
				MTL_FAST_MATH = YES;
				ONLY_ACTIVE_ARCH = YES;
				SDKROOT = iphoneos;
				SWIFT_ACTIVE_COMPILATION_CONDITIONS = DEBUG;
				SWIFT_OPTIMIZATION_LEVEL = "-Onone";
			};
			name = Debug;
		};
		C45C7BFA22D4BAF1008D119D /* Release */ = {
			isa = XCBuildConfiguration;
			buildSettings = {
				ALWAYS_SEARCH_USER_PATHS = NO;
				CLANG_ANALYZER_NONNULL = YES;
				CLANG_ANALYZER_NUMBER_OBJECT_CONVERSION = YES_AGGRESSIVE;
				CLANG_CXX_LANGUAGE_STANDARD = "gnu++14";
				CLANG_CXX_LIBRARY = "libc++";
				CLANG_ENABLE_MODULES = YES;
				CLANG_ENABLE_OBJC_ARC = YES;
				CLANG_ENABLE_OBJC_WEAK = YES;
				CLANG_WARN_BLOCK_CAPTURE_AUTORELEASING = YES;
				CLANG_WARN_BOOL_CONVERSION = YES;
				CLANG_WARN_COMMA = YES;
				CLANG_WARN_CONSTANT_CONVERSION = YES;
				CLANG_WARN_DEPRECATED_OBJC_IMPLEMENTATIONS = YES;
				CLANG_WARN_DIRECT_OBJC_ISA_USAGE = YES_ERROR;
				CLANG_WARN_DOCUMENTATION_COMMENTS = YES;
				CLANG_WARN_EMPTY_BODY = YES;
				CLANG_WARN_ENUM_CONVERSION = YES;
				CLANG_WARN_INFINITE_RECURSION = YES;
				CLANG_WARN_INT_CONVERSION = YES;
				CLANG_WARN_NON_LITERAL_NULL_CONVERSION = YES;
				CLANG_WARN_OBJC_IMPLICIT_RETAIN_SELF = YES;
				CLANG_WARN_OBJC_LITERAL_CONVERSION = YES;
				CLANG_WARN_OBJC_ROOT_CLASS = YES_ERROR;
				CLANG_WARN_RANGE_LOOP_ANALYSIS = YES;
				CLANG_WARN_STRICT_PROTOTYPES = YES;
				CLANG_WARN_SUSPICIOUS_MOVE = YES;
				CLANG_WARN_UNGUARDED_AVAILABILITY = YES_AGGRESSIVE;
				CLANG_WARN_UNREACHABLE_CODE = YES;
				CLANG_WARN__DUPLICATE_METHOD_MATCH = YES;
				COPY_PHASE_STRIP = NO;
				DEBUG_INFORMATION_FORMAT = "dwarf-with-dsym";
				ENABLE_NS_ASSERTIONS = NO;
				ENABLE_STRICT_OBJC_MSGSEND = YES;
				GCC_C_LANGUAGE_STANDARD = gnu11;
				GCC_NO_COMMON_BLOCKS = YES;
				GCC_WARN_64_TO_32_BIT_CONVERSION = YES;
				GCC_WARN_ABOUT_RETURN_TYPE = YES_ERROR;
				GCC_WARN_UNDECLARED_SELECTOR = YES;
				GCC_WARN_UNINITIALIZED_AUTOS = YES_AGGRESSIVE;
				GCC_WARN_UNUSED_FUNCTION = YES;
				GCC_WARN_UNUSED_VARIABLE = YES;
				IPHONEOS_DEPLOYMENT_TARGET = 13.0;
				MTL_ENABLE_DEBUG_INFO = NO;
				MTL_FAST_MATH = YES;
				SDKROOT = iphoneos;
				SWIFT_COMPILATION_MODE = wholemodule;
				SWIFT_OPTIMIZATION_LEVEL = "-O";
				VALIDATE_PRODUCT = YES;
			};
			name = Release;
		};
		C45C7BFC22D4BAF1008D119D /* Debug */ = {
			isa = XCBuildConfiguration;
			buildSettings = {
				ASSETCATALOG_COMPILER_APPICON_NAME = AppIcon;
				CODE_SIGN_STYLE = Automatic;
				DEVELOPMENT_ASSET_PATHS = "ColourViewer/Preview\\ Content";
				ENABLE_PREVIEWS = YES;
				INFOPLIST_FILE = ColourViewer/Info.plist;
				LD_RUNPATH_SEARCH_PATHS = (
					"$(inherited)",
					"@executable_path/Frameworks",
				);
				PRODUCT_BUNDLE_IDENTIFIER = org.mesme.ColourViewer;
				PRODUCT_NAME = "$(TARGET_NAME)";
				SWIFT_VERSION = 5.0;
				TARGETED_DEVICE_FAMILY = "1,2";
			};
			name = Debug;
		};
		C45C7BFD22D4BAF1008D119D /* Release */ = {
			isa = XCBuildConfiguration;
			buildSettings = {
				ASSETCATALOG_COMPILER_APPICON_NAME = AppIcon;
				CODE_SIGN_STYLE = Automatic;
				DEVELOPMENT_ASSET_PATHS = "ColourViewer/Preview\\ Content";
				ENABLE_PREVIEWS = YES;
				INFOPLIST_FILE = ColourViewer/Info.plist;
				LD_RUNPATH_SEARCH_PATHS = (
					"$(inherited)",
					"@executable_path/Frameworks",
				);
				PRODUCT_BUNDLE_IDENTIFIER = org.mesme.ColourViewer;
				PRODUCT_NAME = "$(TARGET_NAME)";
				SWIFT_VERSION = 5.0;
				TARGETED_DEVICE_FAMILY = "1,2";
			};
			name = Release;
		};
		C45C7BFF22D4BAF1008D119D /* Debug */ = {
			isa = XCBuildConfiguration;
			buildSettings = {
				ALWAYS_EMBED_SWIFT_STANDARD_LIBRARIES = YES;
				BUNDLE_LOADER = "$(TEST_HOST)";
				CLANG_ENABLE_MODULES = YES;
				CODE_SIGN_STYLE = Automatic;
				INFOPLIST_FILE = ColourViewerTests/Info.plist;
				LD_RUNPATH_SEARCH_PATHS = (
					"$(inherited)",
					"@executable_path/Frameworks",
					"@loader_path/Frameworks",
				);
				PRODUCT_BUNDLE_IDENTIFIER = org.mesme.ColourViewerTests;
				PRODUCT_NAME = "$(TARGET_NAME)";
				SWIFT_OPTIMIZATION_LEVEL = "-Onone";
				SWIFT_VERSION = 5.0;
				TARGETED_DEVICE_FAMILY = "1,2";
				TEST_HOST = "$(BUILT_PRODUCTS_DIR)/ColourViewer.app/ColourViewer";
			};
			name = Debug;
		};
		C45C7C0022D4BAF1008D119D /* Release */ = {
			isa = XCBuildConfiguration;
			buildSettings = {
				ALWAYS_EMBED_SWIFT_STANDARD_LIBRARIES = YES;
				BUNDLE_LOADER = "$(TEST_HOST)";
				CLANG_ENABLE_MODULES = YES;
				CODE_SIGN_STYLE = Automatic;
				INFOPLIST_FILE = ColourViewerTests/Info.plist;
				LD_RUNPATH_SEARCH_PATHS = (
					"$(inherited)",
					"@executable_path/Frameworks",
					"@loader_path/Frameworks",
				);
				PRODUCT_BUNDLE_IDENTIFIER = org.mesme.ColourViewerTests;
				PRODUCT_NAME = "$(TARGET_NAME)";
				SWIFT_VERSION = 5.0;
				TARGETED_DEVICE_FAMILY = "1,2";
				TEST_HOST = "$(BUILT_PRODUCTS_DIR)/ColourViewer.app/ColourViewer";
			};
			name = Release;
		};
/* End XCBuildConfiguration section */

/* Begin XCConfigurationList section */
		C45C7BD722D4BAED008D119D /* Build configuration list for PBXProject "ColourViewer" */ = {
			isa = XCConfigurationList;
			buildConfigurations = (
				C45C7BF922D4BAF1008D119D /* Debug */,
				C45C7BFA22D4BAF1008D119D /* Release */,
			);
			defaultConfigurationIsVisible = 0;
			defaultConfigurationName = Release;
		};
		C45C7BFB22D4BAF1008D119D /* Build configuration list for PBXNativeTarget "ColourViewer" */ = {
			isa = XCConfigurationList;
			buildConfigurations = (
				C45C7BFC22D4BAF1008D119D /* Debug */,
				C45C7BFD22D4BAF1008D119D /* Release */,
			);
			defaultConfigurationIsVisible = 0;
			defaultConfigurationName = Release;
		};
		C45C7BFE22D4BAF1008D119D /* Build configuration list for PBXNativeTarget "ColourViewerTests" */ = {
			isa = XCConfigurationList;
			buildConfigurations = (
				C45C7BFF22D4BAF1008D119D /* Debug */,
				C45C7C0022D4BAF1008D119D /* Release */,
			);
			defaultConfigurationIsVisible = 0;
			defaultConfigurationName = Release;
		};
/* End XCConfigurationList section */
	};
	rootObject = C45C7BD422D4BAED008D119D /* Project object */;
}
